{
  "name": "bloodbank",
  "version": "1.0.0",
  "lockfileVersion": 3,
  "requires": true,
  "packages": {
    "": {
      "name": "bloodbank",
      "version": "1.0.0",
      "dependencies": {
        "@arcgis/core": "^4.32.9",
        "@react-google-maps/api": "^2.20.6",
        "esri-loader": "^3.7.0"
      }
    },
    "node_modules/@arcgis/components-controllers": {
      "version": "4.32.13",
      "resolved": "https://registry.npmjs.org/@arcgis/components-controllers/-/components-controllers-4.32.13.tgz",
      "integrity": "sha512-7QKUjmDzLjkeAffPXuCoJAEeT12/5JHGXSsMlWDG3Y+/i3znFRSYUmSDyiPuZE8zDD2cJIFc6PrAaXnb6Khe0g==",
      "dependencies": {
        "@arcgis/components-utils": "4.32.13",
        "tslib": "^2.7.0"
      }
    },
    "node_modules/@arcgis/components-utils": {
      "version": "4.32.13",
      "resolved": "https://registry.npmjs.org/@arcgis/components-utils/-/components-utils-4.32.13.tgz",
      "integrity": "sha512-gFcfkJeoCivdsbcJYUJi2aBJTBh3VN07lu0RQDTjh+5Dv4yiOPXECn/BU8JQdV+AiMkN8GFSSUNOZu5Ny8kp2Q==",
      "dependencies": {
        "tslib": "^2.7.0"
      }
    },
    "node_modules/@arcgis/core": {
      "version": "4.32.9",
      "resolved": "https://registry.npmjs.org/@arcgis/core/-/core-4.32.9.tgz",
      "integrity": "sha512-w174cWsIkE6fsalkwFnqErO2saGB1lZcCYMC2yVCaaj50N7PM4brSNc5Myb7OWtDWsTNQPbkVSYW7d96iqNpHA==",
      "dependencies": {
        "@esri/arcgis-html-sanitizer": "~4.1.0",
        "@esri/calcite-components": "^3.0.3",
        "@vaadin/grid": "~24.6.4",
        "@zip.js/zip.js": "~2.7.57",
        "luxon": "~3.5.0",
        "marked": "~15.0.6"
      }
    },
    "node_modules/@arcgis/lumina": {
      "version": "4.32.13",
      "resolved": "https://registry.npmjs.org/@arcgis/lumina/-/lumina-4.32.13.tgz",
      "integrity": "sha512-gs1uAMKykfUTfrrhyltmWUZY3iAIIe8zfdcPGtThOyt6ySq7CooUBp2H0MN7MRFVNzXNvENLEAIxQkbbYagDYg==",
      "dependencies": {
        "@arcgis/components-controllers": "4.32.13",
        "@arcgis/components-utils": "4.32.13",
        "@lit-labs/ssr": "^3.2.2",
        "@lit-labs/ssr-client": "^1.1.7",
        "@lit/context": "^1.1.3",
        "csstype": "^3.1.3",
        "lit": "^3.2.0",
        "tslib": "^2.7.0"
      }
    },
    "node_modules/@esri/arcgis-html-sanitizer": {
      "version": "4.1.0",
      "resolved": "https://registry.npmjs.org/@esri/arcgis-html-sanitizer/-/arcgis-html-sanitizer-4.1.0.tgz",
      "integrity": "sha512-einEveDJ/k1180NOp78PB/4Hje9eBy3dyOGLLtLn6bSkizpUfCwuYBIXOA7Y3F/k/BsTQXgKqUVwQ0eiscWMdA==",
      "dependencies": {
        "xss": "1.0.13"
      },
      "engines": {
        "node": ">=18.0.0"
      }
    },
    "node_modules/@esri/calcite-components": {
      "version": "3.1.0",
      "resolved": "https://registry.npmjs.org/@esri/calcite-components/-/calcite-components-3.1.0.tgz",
      "integrity": "sha512-tfuxpwHRftyREO9vAcuuWf9KGaSc9UZrw75w/XZsU6fz33biMrANhhFEoTx5dTMALj68Fxnxibpiyg1vv9BRwQ==",
      "dependencies": {
        "@arcgis/components-controllers": "^4.32.12",
        "@arcgis/components-utils": "^4.32.12",
        "@arcgis/lumina": "^4.32.12",
        "@esri/calcite-ui-icons": "4.1.0",
        "@floating-ui/dom": "^1.6.12",
        "@floating-ui/utils": "^0.2.8",
        "@types/sortablejs": "^1.15.8",
        "color": "^5.0.0",
        "composed-offset-position": "^0.0.6",
        "dayjs": "^1.11.13",
        "focus-trap": "^7.6.2",
        "interactjs": "^1.10.27",
        "lodash-es": "^4.17.21",
        "sortablejs": "^1.15.6",
        "timezone-groups": "^0.10.4",
        "type-fest": "^4.30.1"
      }
    },
    "node_modules/@esri/calcite-ui-icons": {
      "version": "4.1.0",
      "resolved": "https://registry.npmjs.org/@esri/calcite-ui-icons/-/calcite-ui-icons-4.1.0.tgz",
      "integrity": "sha512-j8uPnbsrPklQVRnaL2qg0wfosavdnQXARr7ckpiIpzAX75MGmNGLg4QKfpAeQrXGJ/xznWWAc+GtAMY8aDrLsw==",
      "bin": {
        "spriter": "bin/spriter.js"
      }
    },
    "node_modules/@floating-ui/core": {
      "version": "1.6.9",
      "resolved": "https://registry.npmjs.org/@floating-ui/core/-/core-1.6.9.tgz",
      "integrity": "sha512-uMXCuQ3BItDUbAMhIXw7UPXRfAlOAvZzdK9BWpE60MCn+Svt3aLn9jsPTi/WNGlRUu2uI0v5S7JiIUsbsvh3fw==",
      "dependencies": {
        "@floating-ui/utils": "^0.2.9"
      }
    },
    "node_modules/@floating-ui/dom": {
      "version": "1.6.13",
      "resolved": "https://registry.npmjs.org/@floating-ui/dom/-/dom-1.6.13.tgz",
      "integrity": "sha512-umqzocjDgNRGTuO7Q8CU32dkHkECqI8ZdMZ5Swb6QAM0t5rnlrN3lGo1hdpscRd3WS8T6DKYK4ephgIH9iRh3w==",
      "dependencies": {
        "@floating-ui/core": "^1.6.0",
        "@floating-ui/utils": "^0.2.9"
      }
    },
    "node_modules/@floating-ui/utils": {
      "version": "0.2.9",
      "resolved": "https://registry.npmjs.org/@floating-ui/utils/-/utils-0.2.9.tgz",
      "integrity": "sha512-MDWhGtE+eHw5JW7lq4qhc5yRLS11ERl1c7Z6Xd0a58DozHES6EnNNwUWbMiG4J9Cgj053Bhk8zvlhFYKVhULwg=="
    },
    "node_modules/@googlemaps/js-api-loader": {
      "version": "1.16.8",
      "resolved": "https://registry.npmjs.org/@googlemaps/js-api-loader/-/js-api-loader-1.16.8.tgz",
      "integrity": "sha512-CROqqwfKotdO6EBjZO/gQGVTbeDps5V7Mt9+8+5Q+jTg5CRMi3Ii/L9PmV3USROrt2uWxtGzJHORmByxyo9pSQ=="
    },
    "node_modules/@googlemaps/markerclusterer": {
      "version": "2.5.3",
      "resolved": "https://registry.npmjs.org/@googlemaps/markerclusterer/-/markerclusterer-2.5.3.tgz",
      "integrity": "sha512-x7lX0R5yYOoiNectr10wLgCBasNcXFHiADIBdmn7jQllF2B5ENQw5XtZK+hIw4xnV0Df0xhN4LN98XqA5jaiOw==",
      "dependencies": {
        "fast-deep-equal": "^3.1.3",
        "supercluster": "^8.0.1"
      }
    },
    "node_modules/@interactjs/types": {
      "version": "1.10.27",
      "resolved": "https://registry.npmjs.org/@interactjs/types/-/types-1.10.27.tgz",
      "integrity": "sha512-BUdv0cvs4H5ODuwft2Xp4eL8Vmi3LcihK42z0Ft/FbVJZoRioBsxH+LlsBdK4tAie7PqlKGy+1oyOncu1nQ6eA=="
    },
    "node_modules/@lit-labs/ssr": {
      "version": "3.3.1",
      "resolved": "https://registry.npmjs.org/@lit-labs/ssr/-/ssr-3.3.1.tgz",
      "integrity": "sha512-JlF1PempxvzrGEpRFrF+Ki0MHzR3HA51SK8Zv0cFpW9p0bPW4k0FeCwrElCu371UEpXF7RcaE2wgYaE1az0XKg==",
      "dependencies": {
        "@lit-labs/ssr-client": "^1.1.7",
        "@lit-labs/ssr-dom-shim": "^1.3.0",
        "@lit/reactive-element": "^2.0.4",
        "@parse5/tools": "^0.3.0",
        "@types/node": "^16.0.0",
        "enhanced-resolve": "^5.10.0",
        "lit": "^3.1.2",
        "lit-element": "^4.0.4",
        "lit-html": "^3.1.2",
        "node-fetch": "^3.2.8",
        "parse5": "^7.1.1"
      },
      "engines": {
        "node": ">=13.9.0"
      }
    },
    "node_modules/@lit-labs/ssr-client": {
      "version": "1.1.7",
      "resolved": "https://registry.npmjs.org/@lit-labs/ssr-client/-/ssr-client-1.1.7.tgz",
      "integrity": "sha512-VvqhY/iif3FHrlhkzEPsuX/7h/NqnfxLwVf0p8ghNIlKegRyRqgeaJevZ57s/u/LiFyKgqksRP5n+LmNvpxN+A==",
      "dependencies": {
        "@lit/reactive-element": "^2.0.4",
        "lit": "^3.1.2",
        "lit-html": "^3.1.2"
      }
    },
    "node_modules/@lit-labs/ssr-dom-shim": {
      "version": "1.3.0",
      "resolved": "https://registry.npmjs.org/@lit-labs/ssr-dom-shim/-/ssr-dom-shim-1.3.0.tgz",
      "integrity": "sha512-nQIWonJ6eFAvUUrSlwyHDm/aE8PBDu5kRpL0vHMg6K8fK3Diq1xdPjTnsJSwxABhaZ+5eBi1btQB5ShUTKo4nQ=="
    },
    "node_modules/@lit/context": {
      "version": "1.1.4",
      "resolved": "https://registry.npmjs.org/@lit/context/-/context-1.1.4.tgz",
      "integrity": "sha512-0b8wOWNUPcXjGHFtVP+odwhrZBZw+PpCjKWn8IGO10iHT95Xd6FcUAxe1aE7PUtOBvHZoxvrfdBzweYnDW7VNQ==",
      "dependencies": {
        "@lit/reactive-element": "^1.6.2 || ^2.0.0"
      }
    },
    "node_modules/@lit/reactive-element": {
      "version": "2.0.4",
      "resolved": "https://registry.npmjs.org/@lit/reactive-element/-/reactive-element-2.0.4.tgz",
      "integrity": "sha512-GFn91inaUa2oHLak8awSIigYz0cU0Payr1rcFsrkf5OJ5eSPxElyZfKh0f2p9FsTiZWXQdWGJeXZICEfXXYSXQ==",
      "dependencies": {
        "@lit-labs/ssr-dom-shim": "^1.2.0"
      }
    },
    "node_modules/@open-wc/dedupe-mixin": {
      "version": "1.4.0",
      "resolved": "https://registry.npmjs.org/@open-wc/dedupe-mixin/-/dedupe-mixin-1.4.0.tgz",
      "integrity": "sha512-Sj7gKl1TLcDbF7B6KUhtvr+1UCxdhMbNY5KxdU5IfMFWqL8oy1ZeAcCANjoB1TL0AJTcPmcCFsCbHf8X2jGDUA=="
    },
    "node_modules/@parse5/tools": {
      "version": "0.3.0",
      "resolved": "https://registry.npmjs.org/@parse5/tools/-/tools-0.3.0.tgz",
      "integrity": "sha512-zxRyTHkqb7WQMV8kTNBKWb1BeOFUKXBXTBWuxg9H9hfvQB3IwP6Iw2U75Ia5eyRxPNltmY7E8YAlz6zWwUnjKg==",
      "dependencies": {
        "parse5": "^7.0.0"
      }
    },
    "node_modules/@polymer/polymer": {
      "version": "3.5.2",
      "resolved": "https://registry.npmjs.org/@polymer/polymer/-/polymer-3.5.2.tgz",
      "integrity": "sha512-fWwImY/UH4bb2534DVSaX+Azs2yKg8slkMBHOyGeU2kKx7Xmxp6Lee0jP8p6B3d7c1gFUPB2Z976dTUtX81pQA==",
      "dependencies": {
        "@webcomponents/shadycss": "^1.9.1"
      }
    },
    "node_modules/@react-google-maps/api": {
      "version": "2.20.6",
      "resolved": "https://registry.npmjs.org/@react-google-maps/api/-/api-2.20.6.tgz",
      "integrity": "sha512-frxkSHWbd36ayyxrEVopSCDSgJUT1tVKXvQld2IyzU3UnDuqqNA3AZE4/fCdqQb2/zBQx3nrWnZB1wBXDcrjcw==",
      "dependencies": {
        "@googlemaps/js-api-loader": "1.16.8",
        "@googlemaps/markerclusterer": "2.5.3",
        "@react-google-maps/infobox": "2.20.0",
        "@react-google-maps/marker-clusterer": "2.20.0",
        "@types/google.maps": "3.58.1",
        "invariant": "2.2.4"
      },
      "peerDependencies": {
        "react": "^16.8 || ^17 || ^18 || ^19",
        "react-dom": "^16.8 || ^17 || ^18 || ^19"
      }
    },
    "node_modules/@react-google-maps/infobox": {
      "version": "2.20.0",
      "resolved": "https://registry.npmjs.org/@react-google-maps/infobox/-/infobox-2.20.0.tgz",
      "integrity": "sha512-03PJHjohhaVLkX6+NHhlr8CIlvUxWaXhryqDjyaZ8iIqqix/nV8GFdz9O3m5OsjtxtNho09F/15j14yV0nuyLQ=="
    },
    "node_modules/@react-google-maps/marker-clusterer": {
      "version": "2.20.0",
      "resolved": "https://registry.npmjs.org/@react-google-maps/marker-clusterer/-/marker-clusterer-2.20.0.tgz",
      "integrity": "sha512-tieX9Va5w1yP88vMgfH1pHTacDQ9TgDTjox3tLlisKDXRQWdjw+QeVVghhf5XqqIxXHgPdcGwBvKY6UP+SIvLw=="
    },
    "node_modules/@types/google.maps": {
      "version": "3.58.1",
      "resolved": "https://registry.npmjs.org/@types/google.maps/-/google.maps-3.58.1.tgz",
      "integrity": "sha512-X9QTSvGJ0nCfMzYOnaVs/k6/4L+7F5uCS+4iUmkLEls6J9S/Phv+m/i3mDeyc49ZBgwab3EFO1HEoBY7k98EGQ=="
    },
    "node_modules/@types/node": {
      "version": "16.18.126",
      "resolved": "https://registry.npmjs.org/@types/node/-/node-16.18.126.tgz",
      "integrity": "sha512-OTcgaiwfGFBKacvfwuHzzn1KLxH/er8mluiy8/uM3sGXHaRe73RrSIj01jow9t4kJEW633Ov+cOexXeiApTyAw=="
    },
    "node_modules/@types/sortablejs": {
      "version": "1.15.8",
      "resolved": "https://registry.npmjs.org/@types/sortablejs/-/sortablejs-1.15.8.tgz",
      "integrity": "sha512-b79830lW+RZfwaztgs1aVPgbasJ8e7AXtZYHTELNXZPsERt4ymJdjV4OccDbHQAvHrCcFpbF78jkm0R6h/pZVg=="
    },
    "node_modules/@types/trusted-types": {
      "version": "2.0.7",
      "resolved": "https://registry.npmjs.org/@types/trusted-types/-/trusted-types-2.0.7.tgz",
      "integrity": "sha512-ScaPdn1dQczgbl0QFTeTOmVHFULt394XJgOQNoyVhZ6r2vLnMLJfBPd53SB52T/3G36VI1/g2MZaX0cwDuXsfw=="
    },
    "node_modules/@vaadin/a11y-base": {
      "version": "24.6.7",
      "resolved": "https://registry.npmjs.org/@vaadin/a11y-base/-/a11y-base-24.6.7.tgz",
      "integrity": "sha512-CJYYTWPBEEaVt4AvBE8RzEn3hqUZbGUGLzqs6NGBFTw0c5cfkqoO2ZMkKhz5Z52QF+2mCXpEtyg6s+t0h171Qg==",
      "dependencies": {
        "@open-wc/dedupe-mixin": "^1.3.0",
        "@polymer/polymer": "^3.0.0",
        "@vaadin/component-base": "~24.6.7",
        "lit": "^3.0.0"
      }
    },
    "node_modules/@vaadin/checkbox": {
      "version": "24.6.7",
      "resolved": "https://registry.npmjs.org/@vaadin/checkbox/-/checkbox-24.6.7.tgz",
      "integrity": "sha512-/Vl5codokNdN5ku1l/iAkdjUmYTUZGKyAleHjM7V3ZFpwkK2IoWN4HrbWyhPuf1gL3T85bKMLSPuYoOX/ymrFw==",
      "dependencies": {
        "@open-wc/dedupe-mixin": "^1.3.0",
        "@polymer/polymer": "^3.0.0",
        "@vaadin/a11y-base": "~24.6.7",
        "@vaadin/component-base": "~24.6.7",
        "@vaadin/field-base": "~24.6.7",
        "@vaadin/vaadin-lumo-styles": "~24.6.7",
        "@vaadin/vaadin-material-styles": "~24.6.7",
        "@vaadin/vaadin-themable-mixin": "~24.6.7",
        "lit": "^3.0.0"
      }
    },
    "node_modules/@vaadin/component-base": {
      "version": "24.6.7",
      "resolved": "https://registry.npmjs.org/@vaadin/component-base/-/component-base-24.6.7.tgz",
      "integrity": "sha512-LcZQZEwouPDHBoXfXRREb1mRScsPSPeKTUZdgrXh180Piy57VzpNzslIMrdfVFSye9lLMs2/g2o8HCUDgnY/OQ==",
      "dependencies": {
        "@open-wc/dedupe-mixin": "^1.3.0",
        "@polymer/polymer": "^3.0.0",
        "@vaadin/vaadin-development-mode-detector": "^2.0.0",
        "@vaadin/vaadin-usage-statistics": "^2.1.0",
        "lit": "^3.0.0"
      }
    },
    "node_modules/@vaadin/field-base": {
      "version": "24.6.7",
      "resolved": "https://registry.npmjs.org/@vaadin/field-base/-/field-base-24.6.7.tgz",
      "integrity": "sha512-5MXpAQGZA15/hRdnZrJK5q5Mv8rgOraSyBpC/gjRJ1W1IQ5DrCcb3ltvPATguv0K3vpJwunXGXrGqm/+SGEk0w==",
      "dependencies": {
        "@open-wc/dedupe-mixin": "^1.3.0",
        "@polymer/polymer": "^3.0.0",
        "@vaadin/a11y-base": "~24.6.7",
        "@vaadin/component-base": "~24.6.7",
        "lit": "^3.0.0"
      }
    },
    "node_modules/@vaadin/grid": {
      "version": "24.6.7",
      "resolved": "https://registry.npmjs.org/@vaadin/grid/-/grid-24.6.7.tgz",
      "integrity": "sha512-G3o+T0A995GEqiTbdPvmEYQEVA69pwLq5L8A5qw6q+onbyEFAbJEpRz/r9IcxgnD5yYDmsXVSNFTTVU6NKAYUw==",
      "dependencies": {
        "@open-wc/dedupe-mixin": "^1.3.0",
        "@polymer/polymer": "^3.0.0",
        "@vaadin/a11y-base": "~24.6.7",
        "@vaadin/checkbox": "~24.6.7",
        "@vaadin/component-base": "~24.6.7",
        "@vaadin/lit-renderer": "~24.6.7",
        "@vaadin/text-field": "~24.6.7",
        "@vaadin/vaadin-lumo-styles": "~24.6.7",
        "@vaadin/vaadin-material-styles": "~24.6.7",
        "@vaadin/vaadin-themable-mixin": "~24.6.7",
        "lit": "^3.0.0"
      }
    },
    "node_modules/@vaadin/icon": {
      "version": "24.6.7",
      "resolved": "https://registry.npmjs.org/@vaadin/icon/-/icon-24.6.7.tgz",
      "integrity": "sha512-+Cv3hLyFSXJAhnuGuPQ+hQcv9/ijZpIprJ6rqWeChvFk+bQOoPgUPx/tj67mOiTcrmV5hYt+dYs4QM7JZ//dGg==",
      "dependencies": {
        "@open-wc/dedupe-mixin": "^1.3.0",
        "@polymer/polymer": "^3.0.0",
        "@vaadin/component-base": "~24.6.7",
        "@vaadin/vaadin-lumo-styles": "~24.6.7",
        "@vaadin/vaadin-themable-mixin": "~24.6.7",
        "lit": "^3.0.0"
      }
    },
    "node_modules/@vaadin/input-container": {
      "version": "24.6.7",
      "resolved": "https://registry.npmjs.org/@vaadin/input-container/-/input-container-24.6.7.tgz",
      "integrity": "sha512-376ZyD74jrKvjiM+gE0xNScyZPU7REMBbGXpmM4DpoLYgw60m01D3fliZaOTVDyXc3gvxWIai3L1vCY0KYpD6w==",
      "dependencies": {
        "@polymer/polymer": "^3.0.0",
        "@vaadin/component-base": "~24.6.7",
        "@vaadin/vaadin-lumo-styles": "~24.6.7",
        "@vaadin/vaadin-material-styles": "~24.6.7",
        "@vaadin/vaadin-themable-mixin": "~24.6.7",
        "lit": "^3.0.0"
      }
    },
    "node_modules/@vaadin/lit-renderer": {
      "version": "24.6.7",
      "resolved": "https://registry.npmjs.org/@vaadin/lit-renderer/-/lit-renderer-24.6.7.tgz",
      "integrity": "sha512-S9daJnGW/X+HBhOriENRYNf8hCFYABmea756onaLS0QoWLkaU3QVPKrhHjZtzNVf/15UcIeAx4C5JlIas2osFA==",
      "dependencies": {
        "lit": "^3.0.0"
      }
    },
    "node_modules/@vaadin/text-field": {
      "version": "24.6.7",
      "resolved": "https://registry.npmjs.org/@vaadin/text-field/-/text-field-24.6.7.tgz",
      "integrity": "sha512-34YmuH6+F0qDyiNTcMtTsU3+xMWiOfPi4630DBJ8+99J+GBHIGt4BZB0QRrEfpiPWVbykVg27MGUP4KVTfH8Uw==",
      "dependencies": {
        "@open-wc/dedupe-mixin": "^1.3.0",
        "@polymer/polymer": "^3.0.0",
        "@vaadin/a11y-base": "~24.6.7",
        "@vaadin/component-base": "~24.6.7",
        "@vaadin/field-base": "~24.6.7",
        "@vaadin/input-container": "~24.6.7",
        "@vaadin/vaadin-lumo-styles": "~24.6.7",
        "@vaadin/vaadin-material-styles": "~24.6.7",
        "@vaadin/vaadin-themable-mixin": "~24.6.7",
        "lit": "^3.0.0"
      }
    },
    "node_modules/@vaadin/vaadin-development-mode-detector": {
      "version": "2.0.7",
      "resolved": "https://registry.npmjs.org/@vaadin/vaadin-development-mode-detector/-/vaadin-development-mode-detector-2.0.7.tgz",
      "integrity": "sha512-9FhVhr0ynSR3X2ao+vaIEttcNU5XfzCbxtmYOV8uIRnUCtNgbvMOIcyGBvntsX9I5kvIP2dV3cFAOG9SILJzEA=="
    },
    "node_modules/@vaadin/vaadin-lumo-styles": {
      "version": "24.6.7",
      "resolved": "https://registry.npmjs.org/@vaadin/vaadin-lumo-styles/-/vaadin-lumo-styles-24.6.7.tgz",
      "integrity": "sha512-DNamU8cVxbaVn3HfRm3pN8ul95xvaem92ByVeEQwdvKaHwLI4m7AdSWKEA+13ST9TdBtCeDW6DjmtGcoEqbqiw==",
      "dependencies": {
        "@polymer/polymer": "^3.0.0",
        "@vaadin/component-base": "~24.6.7",
        "@vaadin/icon": "~24.6.7",
        "@vaadin/vaadin-themable-mixin": "~24.6.7"
      }
    },
    "node_modules/@vaadin/vaadin-material-styles": {
      "version": "24.6.7",
      "resolved": "https://registry.npmjs.org/@vaadin/vaadin-material-styles/-/vaadin-material-styles-24.6.7.tgz",
      "integrity": "sha512-7ecHOEZrFEbUz5UVSGapOt/uC7lSYV05RADCNhG16c+WsuN+oxkGIIaThMMCdBcclg5ej/BeTxZlZha8JoNO3g==",
      "dependencies": {
        "@polymer/polymer": "^3.0.0",
        "@vaadin/component-base": "~24.6.7",
        "@vaadin/vaadin-themable-mixin": "~24.6.7"
      }
    },
    "node_modules/@vaadin/vaadin-themable-mixin": {
      "version": "24.6.7",
      "resolved": "https://registry.npmjs.org/@vaadin/vaadin-themable-mixin/-/vaadin-themable-mixin-24.6.7.tgz",
      "integrity": "sha512-fiVBvJWInNBq/oXeE0UAQmzadQ7UJE3ns768D1taKOwTMOxiio1UMoUXcVGwni9ASzXrd96S7F6c4aIaVqNx6A==",
      "dependencies": {
        "@open-wc/dedupe-mixin": "^1.3.0",
        "lit": "^3.0.0"
      }
    },
    "node_modules/@vaadin/vaadin-usage-statistics": {
      "version": "2.1.3",
      "resolved": "https://registry.npmjs.org/@vaadin/vaadin-usage-statistics/-/vaadin-usage-statistics-2.1.3.tgz",
      "integrity": "sha512-8r4TNknD7OJQADe3VygeofFR7UNAXZ2/jjBFP5dgI8+2uMfnuGYgbuHivasKr9WSQ64sPej6m8rDoM1uSllXjQ==",
      "hasInstallScript": true,
      "dependencies": {
        "@vaadin/vaadin-development-mode-detector": "^2.0.0"
      },
      "engines": {
        "node": "^12.20.0 || ^14.13.1 || >=16.0.0"
      }
    },
    "node_modules/@webcomponents/shadycss": {
      "version": "1.11.2",
      "resolved": "https://registry.npmjs.org/@webcomponents/shadycss/-/shadycss-1.11.2.tgz",
      "integrity": "sha512-vRq+GniJAYSBmTRnhCYPAPq6THYqovJ/gzGThWbgEZUQaBccndGTi1hdiUP15HzEco0I6t4RCtXyX0rsSmwgPw=="
    },
    "node_modules/@zip.js/zip.js": {
      "version": "2.7.60",
      "resolved": "https://registry.npmjs.org/@zip.js/zip.js/-/zip.js-2.7.60.tgz",
      "integrity": "sha512-vA3rLyqdxBrVo1FWSsbyoecaqWTV+vgPRf0QKeM7kVDG0r+lHUqd7zQDv1TO9k4BcAoNzNDSNrrel24Mk6addA==",
      "engines": {
        "bun": ">=0.7.0",
        "deno": ">=1.0.0",
        "node": ">=16.5.0"
      }
    },
    "node_modules/color": {
      "version": "5.0.0",
      "resolved": "https://registry.npmjs.org/color/-/color-5.0.0.tgz",
      "integrity": "sha512-16BlyiuyLq3MLxpRWyOTiWsO3ii/eLQLJUQXBSNcxMBBSnyt1ee9YUdaozQp03ifwm5woztEZGDbk9RGVuCsdw==",
      "dependencies": {
        "color-convert": "^3.0.1",
        "color-string": "^2.0.0"
      },
      "engines": {
        "node": ">=18"
      }
    },
    "node_modules/color-convert": {
      "version": "3.0.1",
      "resolved": "https://registry.npmjs.org/color-convert/-/color-convert-3.0.1.tgz",
      "integrity": "sha512-5kQah2eolfQV7HCrxtsBBArPfT5dwaKYMCXeMQsdRO7ihTO/cuNLGjd50ITCDn+ZU/YbS0Go64SjP9154eopxg==",
      "dependencies": {
        "color-name": "^2.0.0"
      },
      "engines": {
        "node": ">=14.6"
      }
    },
    "node_modules/color-name": {
      "version": "2.0.0",
      "resolved": "https://registry.npmjs.org/color-name/-/color-name-2.0.0.tgz",
      "integrity": "sha512-SbtvAMWvASO5TE2QP07jHBMXKafgdZz8Vrsrn96fiL+O92/FN/PLARzUW5sKt013fjAprK2d2iCn2hk2Xb5oow==",
      "engines": {
        "node": ">=12.20"
      }
    },
    "node_modules/color-string": {
      "version": "2.0.1",
      "resolved": "https://registry.npmjs.org/color-string/-/color-string-2.0.1.tgz",
      "integrity": "sha512-5z9FbYTZPAo8iKsNEqRNv+OlpBbDcoE+SY9GjLfDUHEfcNNV7tS9eSAlFHEaub/r5tBL9LtskAeq1l9SaoZ5tQ==",
      "dependencies": {
        "color-name": "^2.0.0"
      },
      "engines": {
        "node": ">=18"
      }
    },
    "node_modules/commander": {
      "version": "2.20.3",
      "resolved": "https://registry.npmjs.org/commander/-/commander-2.20.3.tgz",
      "integrity": "sha512-GpVkmM8vF2vQUkj2LvZmD35JxeJOLCwJ9cUkugyk2nuhbv3+mJvpLYYt+0+USMxE+oj+ey/lJEnhZw75x/OMcQ=="
    },
    "node_modules/composed-offset-position": {
      "version": "0.0.6",
      "resolved": "https://registry.npmjs.org/composed-offset-position/-/composed-offset-position-0.0.6.tgz",
      "integrity": "sha512-Q7dLompI6lUwd7LWyIcP66r4WcS9u7AL2h8HaeipiRfCRPLMWqRx8fYsjb4OHi6UQFifO7XtNC2IlEJ1ozIFxw==",
      "peerDependencies": {
        "@floating-ui/utils": "^0.2.5"
      }
    },
    "node_modules/cssfilter": {
      "version": "0.0.10",
      "resolved": "https://registry.npmjs.org/cssfilter/-/cssfilter-0.0.10.tgz",
      "integrity": "sha512-FAaLDaplstoRsDR8XGYH51znUN0UY7nMc6Z9/fvE8EXGwvJE9hu7W2vHwx1+bd6gCYnln9nLbzxFTrcO9YQDZw=="
    },
    "node_modules/csstype": {
      "version": "3.1.3",
      "resolved": "https://registry.npmjs.org/csstype/-/csstype-3.1.3.tgz",
      "integrity": "sha512-M1uQkMl8rQK/szD0LNhtqxIPLpimGm8sOBwU7lLnCpSbTyY3yeU1Vc7l4KT5zT4s/yOxHH5O7tIuuLOCnLADRw=="
    },
    "node_modules/data-uri-to-buffer": {
      "version": "4.0.1",
      "resolved": "https://registry.npmjs.org/data-uri-to-buffer/-/data-uri-to-buffer-4.0.1.tgz",
      "integrity": "sha512-0R9ikRb668HB7QDxT1vkpuUBtqc53YyAwMwGeUFKRojY/NWKvdZ+9UYtRfGmhqNbRkTSVpMbmyhXipFFv2cb/A==",
      "engines": {
        "node": ">= 12"
      }
    },
    "node_modules/dayjs": {
      "version": "1.11.13",
      "resolved": "https://registry.npmjs.org/dayjs/-/dayjs-1.11.13.tgz",
      "integrity": "sha512-oaMBel6gjolK862uaPQOVTA7q3TZhuSvuMQAAglQDOWYO9A91IrAOUJEyKVlqJlHE0vq5p5UXxzdPfMH/x6xNg=="
    },
    "node_modules/enhanced-resolve": {
      "version": "5.18.1",
      "resolved": "https://registry.npmjs.org/enhanced-resolve/-/enhanced-resolve-5.18.1.tgz",
      "integrity": "sha512-ZSW3ma5GkcQBIpwZTSRAI8N71Uuwgs93IezB7mf7R60tC8ZbJideoDNKjHn2O9KIlx6rkGTTEk1xUCK2E1Y2Yg==",
      "dependencies": {
        "graceful-fs": "^4.2.4",
        "tapable": "^2.2.0"
      },
      "engines": {
        "node": ">=10.13.0"
      }
    },
    "node_modules/entities": {
      "version": "4.5.0",
      "resolved": "https://registry.npmjs.org/entities/-/entities-4.5.0.tgz",
      "integrity": "sha512-V0hjH4dGPh9Ao5p0MoRY6BVqtwCjhz6vI5LT8AJ55H+4g9/4vbHx1I54fS0XuclLhDHArPQCiMjDxjaL8fPxhw==",
      "engines": {
        "node": ">=0.12"
      },
      "funding": {
        "url": "https://github.com/fb55/entities?sponsor=1"
      }
    },
    "node_modules/esri-loader": {
      "version": "3.7.0",
      "resolved": "https://registry.npmjs.org/esri-loader/-/esri-loader-3.7.0.tgz",
      "integrity": "sha512-cB1Sw9EQjtW4mtT7eFBjn/6VaaIWNTjmTd2asnnEyuZk1xVSFRMCfLZSBSjZM7ZarDcVu5WIjOP0t0MYVu4hVQ==",
      "deprecated": "Use @arcgis/core instead."
    },
    "node_modules/fast-deep-equal": {
      "version": "3.1.3",
      "resolved": "https://registry.npmjs.org/fast-deep-equal/-/fast-deep-equal-3.1.3.tgz",
      "integrity": "sha512-f3qQ9oQy9j2AhBe/H9VC91wLmKBCCU/gDOnKNAYG5hswO7BLKj09Hc5HYNz9cGI++xlpDCIgDaitVs03ATR84Q=="
    },
    "node_modules/fetch-blob": {
      "version": "3.2.0",
      "resolved": "https://registry.npmjs.org/fetch-blob/-/fetch-blob-3.2.0.tgz",
      "integrity": "sha512-7yAQpD2UMJzLi1Dqv7qFYnPbaPx7ZfFK6PiIxQ4PfkGPyNyl2Ugx+a/umUonmKqjhM4DnfbMvdX6otXq83soQQ==",
      "funding": [
        {
          "type": "github",
          "url": "https://github.com/sponsors/jimmywarting"
        },
        {
          "type": "paypal",
          "url": "https://paypal.me/jimmywarting"
        }
      ],
      "dependencies": {
        "node-domexception": "^1.0.0",
        "web-streams-polyfill": "^3.0.3"
      },
      "engines": {
        "node": "^12.20 || >= 14.13"
      }
    },
    "node_modules/focus-trap": {
      "version": "7.6.4",
      "resolved": "https://registry.npmjs.org/focus-trap/-/focus-trap-7.6.4.tgz",
      "integrity": "sha512-xx560wGBk7seZ6y933idtjJQc1l+ck+pI3sKvhKozdBV1dRZoKhkW5xoCaFv9tQiX5RH1xfSxjuNu6g+lmN/gw==",
      "dependencies": {
        "tabbable": "^6.2.0"
      }
    },
    "node_modules/formdata-polyfill": {
      "version": "4.0.10",
      "resolved": "https://registry.npmjs.org/formdata-polyfill/-/formdata-polyfill-4.0.10.tgz",
      "integrity": "sha512-buewHzMvYL29jdeQTVILecSaZKnt/RJWjoZCF5OW60Z67/GmSLBkOFM7qh1PI3zFNtJbaZL5eQu1vLfazOwj4g==",
      "dependencies": {
        "fetch-blob": "^3.1.2"
      },
      "engines": {
        "node": ">=12.20.0"
      }
    },
    "node_modules/graceful-fs": {
      "version": "4.2.11",
      "resolved": "https://registry.npmjs.org/graceful-fs/-/graceful-fs-4.2.11.tgz",
      "integrity": "sha512-RbJ5/jmFcNNCcDV5o9eTnBLJ/HszWV0P73bc+Ff4nS/rJj+YaS6IGyiOL0VoBYX+l1Wrl3k63h/KrH+nhJ0XvQ=="
    },
    "node_modules/interactjs": {
      "version": "1.10.27",
      "resolved": "https://registry.npmjs.org/interactjs/-/interactjs-1.10.27.tgz",
      "integrity": "sha512-y/8RcCftGAF24gSp76X2JS3XpHiUvDQyhF8i7ujemBz77hwiHDuJzftHx7thY8cxGogwGiPJ+o97kWB6eAXnsA==",
      "dependencies": {
        "@interactjs/types": "1.10.27"
      }
    },
    "node_modules/invariant": {
      "version": "2.2.4",
      "resolved": "https://registry.npmjs.org/invariant/-/invariant-2.2.4.tgz",
      "integrity": "sha512-phJfQVBuaJM5raOpJjSfkiD6BpbCE4Ns//LaXl6wGYtUBY83nWS6Rf9tXm2e8VaK60JEjYldbPif/A2B1C2gNA==",
      "dependencies": {
        "loose-envify": "^1.0.0"
      }
    },
    "node_modules/js-tokens": {
      "version": "4.0.0",
      "resolved": "https://registry.npmjs.org/js-tokens/-/js-tokens-4.0.0.tgz",
      "integrity": "sha512-RdJUflcE3cUzKiMqQgsCu06FPu9UdIJO0beYbPhHN4k6apgJtifcoCtT9bcxOpYBtpD2kCM6Sbzg4CausW/PKQ=="
    },
    "node_modules/kdbush": {
      "version": "4.0.2",
      "resolved": "https://registry.npmjs.org/kdbush/-/kdbush-4.0.2.tgz",
      "integrity": "sha512-WbCVYJ27Sz8zi9Q7Q0xHC+05iwkm3Znipc2XTlrnJbsHMYktW4hPhXUE8Ys1engBrvffoSCqbil1JQAa7clRpA=="
    },
    "node_modules/lit": {
      "version": "3.2.1",
      "resolved": "https://registry.npmjs.org/lit/-/lit-3.2.1.tgz",
      "integrity": "sha512-1BBa1E/z0O9ye5fZprPtdqnc0BFzxIxTTOO/tQFmyC/hj1O3jL4TfmLBw0WEwjAokdLwpclkvGgDJwTIh0/22w==",
      "dependencies": {
        "@lit/reactive-element": "^2.0.4",
        "lit-element": "^4.1.0",
        "lit-html": "^3.2.0"
      }
    },
    "node_modules/lit-element": {
      "version": "4.1.1",
      "resolved": "https://registry.npmjs.org/lit-element/-/lit-element-4.1.1.tgz",
      "integrity": "sha512-HO9Tkkh34QkTeUmEdNYhMT8hzLid7YlMlATSi1q4q17HE5d9mrrEHJ/o8O2D0cMi182zK1F3v7x0PWFjrhXFew==",
      "dependencies": {
        "@lit-labs/ssr-dom-shim": "^1.2.0",
        "@lit/reactive-element": "^2.0.4",
        "lit-html": "^3.2.0"
      }
    },
    "node_modules/lit-html": {
      "version": "3.2.1",
      "resolved": "https://registry.npmjs.org/lit-html/-/lit-html-3.2.1.tgz",
      "integrity": "sha512-qI/3lziaPMSKsrwlxH/xMgikhQ0EGOX2ICU73Bi/YHFvz2j/yMCIrw4+puF2IpQ4+upd3EWbvnHM9+PnJn48YA==",
      "dependencies": {
        "@types/trusted-types": "^2.0.2"
      }
    },
    "node_modules/lodash-es": {
      "version": "4.17.21",
      "resolved": "https://registry.npmjs.org/lodash-es/-/lodash-es-4.17.21.tgz",
      "integrity": "sha512-mKnC+QJ9pWVzv+C4/U3rRsHapFfHvQFoFB92e52xeyGMcX6/OlIl78je1u8vePzYZSkkogMPJ2yjxxsb89cxyw=="
    },
    "node_modules/loose-envify": {
      "version": "1.4.0",
      "resolved": "https://registry.npmjs.org/loose-envify/-/loose-envify-1.4.0.tgz",
      "integrity": "sha512-lyuxPGr/Wfhrlem2CL/UcnUc1zcqKAImBDzukY7Y5F/yQiNdko6+fRLevlw1HgMySw7f611UIY408EtxRSoK3Q==",
      "dependencies": {
        "js-tokens": "^3.0.0 || ^4.0.0"
      },
      "bin": {
        "loose-envify": "cli.js"
      }
    },
    "node_modules/luxon": {
      "version": "3.5.0",
      "resolved": "https://registry.npmjs.org/luxon/-/luxon-3.5.0.tgz",
      "integrity": "sha512-rh+Zjr6DNfUYR3bPwJEnuwDdqMbxZW7LOQfUN4B54+Cl+0o5zaU9RJ6bcidfDtC1cWCZXQ+nvX8bf6bAji37QQ==",
      "engines": {
        "node": ">=12"
      }
    },
    "node_modules/marked": {
      "version": "15.0.7",
      "resolved": "https://registry.npmjs.org/marked/-/marked-15.0.7.tgz",
      "integrity": "sha512-dgLIeKGLx5FwziAnsk4ONoGwHwGPJzselimvlVskE9XLN4Orv9u2VA3GWw/lYUqjfA0rUT/6fqKwfZJapP9BEg==",
      "bin": {
        "marked": "bin/marked.js"
      },
      "engines": {
        "node": ">= 18"
      }
    },
    "node_modules/node-domexception": {
      "version": "1.0.0",
      "resolved": "https://registry.npmjs.org/node-domexception/-/node-domexception-1.0.0.tgz",
      "integrity": "sha512-/jKZoMpw0F8GRwl4/eLROPA3cfcXtLApP0QzLmUT/HuPCZWyB7IY9ZrMeKw2O/nFIqPQB3PVM9aYm0F312AXDQ==",
      "funding": [
        {
          "type": "github",
          "url": "https://github.com/sponsors/jimmywarting"
        },
        {
          "type": "github",
          "url": "https://paypal.me/jimmywarting"
        }
      ],
      "engines": {
        "node": ">=10.5.0"
      }
    },
    "node_modules/node-fetch": {
      "version": "3.3.2",
      "resolved": "https://registry.npmjs.org/node-fetch/-/node-fetch-3.3.2.tgz",
      "integrity": "sha512-dRB78srN/l6gqWulah9SrxeYnxeddIG30+GOqK/9OlLVyLg3HPnr6SqOWTWOXKRwC2eGYCkZ59NNuSgvSrpgOA==",
      "dependencies": {
        "data-uri-to-buffer": "^4.0.0",
        "fetch-blob": "^3.1.4",
        "formdata-polyfill": "^4.0.10"
      },
      "engines": {
        "node": "^12.20.0 || ^14.13.1 || >=16.0.0"
      },
      "funding": {
        "type": "opencollective",
        "url": "https://opencollective.com/node-fetch"
      }
    },
    "node_modules/parse5": {
      "version": "7.2.1",
      "resolved": "https://registry.npmjs.org/parse5/-/parse5-7.2.1.tgz",
      "integrity": "sha512-BuBYQYlv1ckiPdQi/ohiivi9Sagc9JG+Ozs0r7b/0iK3sKmrb0b9FdWdBbOdx6hBCM/F9Ir82ofnBhtZOjCRPQ==",
      "dependencies": {
        "entities": "^4.5.0"
      },
      "funding": {
        "url": "https://github.com/inikulin/parse5?sponsor=1"
      }
    },
    "node_modules/react": {
      "version": "19.1.0",
      "resolved": "https://registry.npmjs.org/react/-/react-19.1.0.tgz",
      "integrity": "sha512-FS+XFBNvn3GTAWq26joslQgWNoFu08F4kl0J4CgdNKADkdSGXQyTCnKteIAJy96Br6YbpEU1LSzV5dYtjMkMDg==",
      "peer": true,
      "engines": {
        "node": ">=0.10.0"
      }
    },
    "node_modules/react-dom": {
      "version": "19.1.0",
      "resolved": "https://registry.npmjs.org/react-dom/-/react-dom-19.1.0.tgz",
      "integrity": "sha512-Xs1hdnE+DyKgeHJeJznQmYMIBG3TKIHJJT95Q58nHLSrElKlGQqDTR2HQ9fx5CN/Gk6Vh/kupBTDLU11/nDk/g==",
      "peer": true,
      "dependencies": {
        "scheduler": "^0.26.0"
      },
      "peerDependencies": {
        "react": "^19.1.0"
      }
    },
    "node_modules/scheduler": {
      "version": "0.26.0",
      "resolved": "https://registry.npmjs.org/scheduler/-/scheduler-0.26.0.tgz",
      "integrity": "sha512-NlHwttCI/l5gCPR3D1nNXtWABUmBwvZpEQiD4IXSbIDq8BzLIK/7Ir5gTFSGZDUu37K5cMNp0hFtzO38sC7gWA==",
      "peer": true
    },
    "node_modules/sortablejs": {
      "version": "1.15.6",
      "resolved": "https://registry.npmjs.org/sortablejs/-/sortablejs-1.15.6.tgz",
      "integrity": "sha512-aNfiuwMEpfBM/CN6LY0ibyhxPfPbyFeBTYJKCvzkJ2GkUpazIt3H+QIPAMHwqQ7tMKaHz1Qj+rJJCqljnf4p3A=="
    },
    "node_modules/supercluster": {
      "version": "8.0.1",
      "resolved": "https://registry.npmjs.org/supercluster/-/supercluster-8.0.1.tgz",
      "integrity": "sha512-IiOea5kJ9iqzD2t7QJq/cREyLHTtSmUT6gQsweojg9WH2sYJqZK9SswTu6jrscO6D1G5v5vYZ9ru/eq85lXeZQ==",
      "dependencies": {
        "kdbush": "^4.0.2"
      }
    },
    "node_modules/tabbable": {
      "version": "6.2.0",
      "resolved": "https://registry.npmjs.org/tabbable/-/tabbable-6.2.0.tgz",
      "integrity": "sha512-Cat63mxsVJlzYvN51JmVXIgNoUokrIaT2zLclCXjRd8boZ0004U4KCs/sToJ75C6sdlByWxpYnb5Boif1VSFew=="
    },
    "node_modules/tapable": {
      "version": "2.2.1",
      "resolved": "https://registry.npmjs.org/tapable/-/tapable-2.2.1.tgz",
      "integrity": "sha512-GNzQvQTOIP6RyTfE2Qxb8ZVlNmw0n88vp1szwWRimP02mnTsx3Wtn5qRdqY9w2XduFNUgvOwhNnQsjwCp+kqaQ==",
      "engines": {
        "node": ">=6"
      }
    },
    "node_modules/timezone-groups": {
      "version": "0.10.4",
      "resolved": "https://registry.npmjs.org/timezone-groups/-/timezone-groups-0.10.4.tgz",
      "integrity": "sha512-AnkJYrbb7uPkDCEqGeVJiawZNiwVlSkkeX4jZg1gTEguClhyX+/Ezn07KB6DT29tG3UN418ldmS/W6KqGOTDjg==",
      "engines": {
        "node": ">=18.12.0"
      }
    },
    "node_modules/tslib": {
      "version": "2.8.1",
      "resolved": "https://registry.npmjs.org/tslib/-/tslib-2.8.1.tgz",
      "integrity": "sha512-oJFu94HQb+KVduSUQL7wnpmqnfmLsOA/nAh6b6EH0wCEoK0/mPeXU6c3wKDV83MkOuHPRHtSXKKU99IBazS/2w=="
    },
    "node_modules/type-fest": {
      "version": "4.39.1",
      "resolved": "https://registry.npmjs.org/type-fest/-/type-fest-4.39.1.tgz",
      "integrity": "sha512-uW9qzd66uyHYxwyVBYiwS4Oi0qZyUqwjU+Oevr6ZogYiXt99EOYtwvzMSLw1c3lYo2HzJsep/NB23iEVEgjG/w==",
      "engines": {
        "node": ">=16"
      },
      "funding": {
        "url": "https://github.com/sponsors/sindresorhus"
      }
    },
    "node_modules/web-streams-polyfill": {
      "version": "3.3.3",
      "resolved": "https://registry.npmjs.org/web-streams-polyfill/-/web-streams-polyfill-3.3.3.tgz",
      "integrity": "sha512-d2JWLCivmZYTSIoge9MsgFCZrt571BikcWGYkjC1khllbTeDlGqZ2D8vD8E/lJa8WGWbb7Plm8/XJYV7IJHZZw==",
      "engines": {
        "node": ">= 8"
      }
    },
    "node_modules/xss": {
      "version": "1.0.13",
      "resolved": "https://registry.npmjs.org/xss/-/xss-1.0.13.tgz",
      "integrity": "sha512-clu7dxTm1e8Mo5fz3n/oW3UCXBfV89xZ72jM8yzo1vR/pIS0w3sgB3XV2H8Vm6zfGnHL0FzvLJPJEBhd86/z4Q==",
      "dependencies": {
        "commander": "^2.20.3",
        "cssfilter": "0.0.10"
      },
      "bin": {
        "xss": "bin/xss"
      },
      "engines": {
        "node": ">= 0.10.0"
      }
    }
  }
}
